{
  "R": {
    "Version": "4.1.0",
    "Repositories": [
      {
        "Name": "CRAN",
        "URL": "https://cran.rstudio.com"
      }
    ]
  },
  "Packages": {
    "BH": {
      "Package": "BH",
      "Version": "1.72.0-3",
      "Source": "Repository",
      "Repository": "CRAN",
      "Hash": "8f9ce74c6417d61f0782cbae5fd2b7b0"
    },
    "DT": {
      "Package": "DT",
      "Version": "0.16",
      "Source": "Repository",
      "Repository": "CRAN",
      "Hash": "acac794cc3e393ca65f916e5ced5c1d2"
    },
    "MASS": {
      "Package": "MASS",
      "Version": "7.3-51.5",
      "Source": "Repository",
      "Repository": "CRAN",
      "Hash": "9efe80472b21189ebab1b74169808c26"
    },
    "Matrix": {
      "Package": "Matrix",
      "Version": "1.3-2",
      "Source": "Repository",
      "Repository": "CRAN",
      "Hash": "ff280503079ad8623d3c4b1519b24ea2"
    },
    "R6": {
      "Package": "R6",
      "Version": "2.5.0",
      "Source": "Repository",
      "Repository": "CRAN",
      "Hash": "b203113193e70978a696b2809525649d"
    },
    "RColorBrewer": {
      "Package": "RColorBrewer",
      "Version": "1.1-2",
      "Source": "Repository",
      "Repository": "CRAN",
      "Hash": "e031418365a7f7a766181ab5a41a5716"
    },
    "Rcpp": {
      "Package": "Rcpp",
      "Version": "1.0.5",
      "Source": "Repository",
      "Repository": "CRAN",
      "Hash": "125dc7a0ed375eb68c0ce533b48d291f"
    },
    "askpass": {
      "Package": "askpass",
      "Version": "1.1",
      "Source": "Repository",
      "Repository": "CRAN",
      "Hash": "e8a22846fff485f0be3770c2da758713"
    },
    "backports": {
      "Package": "backports",
      "Version": "1.1.5",
      "Source": "Repository",
      "Repository": "CRAN",
      "Hash": "e9f705633dc932bfd5b02b17a5053a06"
    },
    "base64enc": {
      "Package": "base64enc",
      "Version": "0.1-3",
      "Source": "Repository",
      "Repository": "CRAN",
      "Hash": "543776ae6848fde2f48ff3816d0628bc"
    },
    "brio": {
      "Package": "brio",
      "Version": "1.1.0",
      "Source": "Repository",
      "Repository": "CRAN",
      "Hash": "570a24963009b9cce0869a0463c83580"
    },
    "callr": {
      "Package": "callr",
      "Version": "3.7.0",
      "Source": "Repository",
      "Repository": "CRAN",
      "Hash": "461aa75a11ce2400245190ef5d3995df"
    },
    "cellranger": {
      "Package": "cellranger",
      "Version": "1.1.0",
      "Source": "Repository",
      "Repository": "CRAN",
      "Hash": "f61dbaec772ccd2e17705c1e872e9e7c"
    },
    "checkmate": {
      "Package": "checkmate",
      "Version": "2.0.0",
      "Source": "Repository",
      "Repository": "CRAN",
      "Hash": "a667800d5f0350371bedeb8b8b950289"
    },
    "cli": {
      "Package": "cli",
      "Version": "3.0.0",
      "Source": "Repository",
      "Repository": "CRAN",
      "Hash": "096829b701eec2d2b4538be63de97e75"
    },
    "clipr": {
      "Package": "clipr",
      "Version": "0.7.0",
      "Source": "Repository",
      "Repository": "CRAN",
      "Hash": "08cf4045c149a0f0eaf405324c7495bd"
    },
    "colorspace": {
      "Package": "colorspace",
      "Version": "2.0-0",
      "Source": "Repository",
      "Repository": "CRAN",
      "Hash": "abea3384649ef37f60ef51ce002f3547"
    },
    "commonmark": {
      "Package": "commonmark",
      "Version": "1.7",
      "Source": "Repository",
      "Repository": "CRAN",
      "Hash": "0f22be39ec1d141fd03683c06f3a6e67"
    },
    "covr": {
      "Package": "covr",
      "Version": "3.5.1",
      "Source": "Repository",
      "Repository": "CRAN",
      "Hash": "6d80a9fc3c0c8473153b54fa54719dfd"
    },
    "cpp11": {
      "Package": "cpp11",
      "Version": "0.2.4",
      "Source": "Repository",
      "Repository": "CRAN",
      "Hash": "ba66e5a750d39067d888aa7af797fed2"
    },
    "crayon": {
      "Package": "crayon",
      "Version": "1.3.4",
      "Source": "Repository",
      "Repository": "CRAN",
      "Hash": "0d57bc8e27b7ba9e45dba825ebc0de6b"
    },
    "crosstalk": {
      "Package": "crosstalk",
      "Version": "1.1.0.1",
      "Source": "Repository",
      "Repository": "CRAN",
      "Hash": "ae55f5d7c02f0ab43c58dd050694f2b4"
    },
    "curl": {
      "Package": "curl",
      "Version": "4.3",
      "Source": "Repository",
      "Repository": "CRAN",
      "Hash": "2b7d10581cc730804e9ed178c8374bd6"
    },
    "data.table": {
      "Package": "data.table",
      "Version": "1.12.8",
      "Source": "Repository",
      "Repository": "CRAN",
      "Hash": "cd711af60c47207a776213a368626369"
    },
    "desc": {
      "Package": "desc",
      "Version": "1.3.0",
      "Source": "Repository",
      "Repository": "CRAN",
      "Hash": "b6963166f7f10b970af1006c462ce6cd"
    },
    "diffobj": {
      "Package": "diffobj",
      "Version": "0.3.2",
      "Source": "Repository",
      "Repository": "CRAN",
      "Hash": "16533929cf545f3c9b796780cccf5eff"
    },
    "digest": {
      "Package": "digest",
      "Version": "0.6.27",
      "Source": "Repository",
      "Repository": "CRAN",
      "Hash": "a0cbe758a531d054b537d16dff4d58a1"
    },
    "dplyr": {
      "Package": "dplyr",
      "Version": "1.0.0",
      "Source": "Repository",
      "Repository": "CRAN",
      "Hash": "4011f62581a34080e44105d4aa05a97f"
    },
    "ellipsis": {
      "Package": "ellipsis",
      "Version": "0.3.1",
      "Source": "Repository",
      "Repository": "CRAN",
      "Hash": "fd2844b3a43ae2d27e70ece2df1b4e2a"
    },
    "evaluate": {
      "Package": "evaluate",
      "Version": "0.14",
      "Source": "Repository",
      "Repository": "CRAN",
      "Hash": "ec8ca05cffcc70569eaaad8469d2a3a7"
    },
    "fansi": {
      "Package": "fansi",
      "Version": "0.4.1",
      "Source": "Repository",
      "Repository": "CRAN",
      "Hash": "7fce217eaaf8016e72065e85c73027b5"
    },
    "farver": {
      "Package": "farver",
      "Version": "2.0.3",
      "Source": "Repository",
      "Repository": "CRAN",
      "Hash": "dad6793a5a1f73c8e91f1a1e3e834b05"
    },
    "fastmap": {
      "Package": "fastmap",
      "Version": "1.0.1",
      "Source": "Repository",
      "Repository": "CRAN",
      "Hash": "83ab58a0518afe3d17e41da01af13b60"
    },
    "generics": {
      "Package": "generics",
      "Version": "0.0.2",
      "Source": "Repository",
      "Repository": "CRAN",
      "Hash": "b8cff1d1391fd1ad8b65877f4c7f2e53"
    },
    "ggplot2": {
      "Package": "ggplot2",
      "Version": "3.3.2",
      "Source": "Repository",
      "Repository": "CRAN",
      "Hash": "4ded8b439797f7b1693bd3d238d0106b"
    },
    "glue": {
      "Package": "glue",
      "Version": "1.4.2",
      "Source": "Repository",
      "Repository": "CRAN",
      "Hash": "6efd734b14c6471cfe443345f3e35e29"
    },
    "gridExtra": {
      "Package": "gridExtra",
      "Version": "2.3",
      "Source": "Repository",
      "Repository": "CRAN",
      "Hash": "7d7f283939f563670a697165b2cf5560"
    },
    "gsubfn": {
      "Package": "gsubfn",
      "Version": "0.7",
      "Source": "Repository",
      "Repository": "CRAN",
      "Hash": "a8ebb0bb0edcf041a7649ee43a0e1735"
    },
    "gtable": {
      "Package": "gtable",
      "Version": "0.3.0",
      "Source": "Repository",
      "Repository": "CRAN",
      "Hash": "ac5c6baf7822ce8732b343f14c072c4d"
    },
    "highr": {
      "Package": "highr",
      "Version": "0.8",
      "Source": "Repository",
      "Repository": "CRAN",
      "Hash": "4dc5bb88961e347a0f4d8aad597cbfac"
    },
    "hms": {
      "Package": "hms",
      "Version": "0.5.3",
      "Source": "Repository",
      "Repository": "CRAN",
      "Hash": "726671f634529d470545f9fd1a9d1869"
    },
    "htmltools": {
      "Package": "htmltools",
      "Version": "0.5.0",
      "Source": "Repository",
      "Repository": "CRAN",
      "Hash": "7d651b7131794fe007b1ad6f21aaa401"
    },
    "htmlwidgets": {
      "Package": "htmlwidgets",
      "Version": "1.5.2",
      "Source": "Repository",
      "Repository": "CRAN",
      "Hash": "0aaf56b7960bb066646e1868cadcaf07"
    },
    "httpuv": {
      "Package": "httpuv",
      "Version": "1.5.4",
      "Source": "Repository",
      "Repository": "CRAN",
      "Hash": "4e6dabb220b006ccdc3b3b5ff993b205"
    },
    "httr": {
      "Package": "httr",
      "Version": "1.4.2",
      "Source": "Repository",
      "Repository": "CRAN",
      "Hash": "a525aba14184fec243f9eaec62fbed43"
    },
    "hunspell": {
      "Package": "hunspell",
      "Version": "3.0",
      "Source": "Repository",
      "Repository": "CRAN",
      "Hash": "71e7853d60b6b4ba891d62ede21752e9"
    },
    "isoband": {
      "Package": "isoband",
      "Version": "0.2.2",
      "Source": "Repository",
      "Repository": "CRAN",
      "Hash": "6e58bd3d6b3dd82a944cd6f05ade228f"
    },
    "jsonlite": {
      "Package": "jsonlite",
      "Version": "1.7.1",
      "Source": "Repository",
      "Repository": "CRAN",
      "Hash": "1ec84e070b88b37ed169f19def40d47c"
    },
    "knitr": {
      "Package": "knitr",
      "Version": "1.28",
      "Source": "Repository",
      "Repository": "CRAN",
      "Hash": "915a6f0134cdbdf016d7778bc80b2eda"
    },
    "labeling": {
      "Package": "labeling",
      "Version": "0.4.2",
      "Source": "Repository",
      "Repository": "CRAN",
      "Hash": "3d5108641f47470611a32d0bdf357a72"
    },
    "later": {
      "Package": "later",
      "Version": "1.1.0.1",
      "Source": "Repository",
      "Repository": "CRAN",
      "Hash": "d0a62b247165aabf397fded504660d8a"
    },
    "latex2exp": {
      "Package": "latex2exp",
      "Version": "0.4.0",
      "Source": "Repository",
      "Repository": "CRAN",
      "Hash": "dad1cdbbe7546e372dd822c4aba9ac75"
    },
    "lattice": {
      "Package": "lattice",
      "Version": "0.20-40",
      "Source": "Repository",
      "Repository": "CRAN",
      "Hash": "61339152c288b871facca5f68f401f89"
    },
    "lazyeval": {
      "Package": "lazyeval",
      "Version": "0.2.2",
      "Source": "Repository",
      "Repository": "CRAN",
      "Hash": "d908914ae53b04d4c0c0fd72ecc35370"
    },
    "lifecycle": {
      "Package": "lifecycle",
      "Version": "1.0.0",
      "Source": "Repository",
      "Repository": "CRAN",
      "Hash": "3471fb65971f1a7b2d4ae7848cf2db8d"
    },
    "magrittr": {
      "Package": "magrittr",
      "Version": "2.0.1",
      "Source": "Repository",
      "Repository": "CRAN",
      "Hash": "41287f1ac7d28a92f0a286ed507928d3"
    },
    "markdown": {
      "Package": "markdown",
      "Version": "1.1",
      "Source": "Repository",
      "Repository": "CRAN",
      "Hash": "61e4a10781dd00d7d81dd06ca9b94e95"
    },
    "mgcv": {
      "Package": "mgcv",
      "Version": "1.8-33",
      "Source": "Repository",
      "Repository": "CRAN",
      "Hash": "eb7b6439bc6d812eed2cddba5edc6be3"
    },
    "mime": {
      "Package": "mime",
      "Version": "0.9",
      "Source": "Repository",
      "Repository": "CRAN",
      "Hash": "e87a35ec73b157552814869f45a63aa3"
    },
    "munsell": {
      "Package": "munsell",
      "Version": "0.5.0",
      "Source": "Repository",
      "Repository": "CRAN",
      "Hash": "6dfe8bf774944bd5595785e3229d8771"
    },
    "nlme": {
      "Package": "nlme",
      "Version": "3.1-145",
      "Source": "Repository",
      "Repository": "CRAN",
      "Hash": "0ed9365684dc39cdd0bb5bd2f316dc67"
    },
    "openssl": {
      "Package": "openssl",
      "Version": "1.4.1",
      "Source": "Repository",
      "Repository": "CRAN",
      "Hash": "49f7258fd86ebeaea1df24d9ded00478"
    },
    "pander": {
      "Package": "pander",
      "Version": "0.6.3",
      "Source": "Repository",
      "Repository": "CRAN",
      "Hash": "121198ce37b5a6b5227edc5a38223da4"
    },
    "pillar": {
      "Package": "pillar",
      "Version": "1.4.7",
      "Source": "Repository",
      "Repository": "CRAN",
      "Hash": "3b3dd89b2ee115a8b54e93a34cd546b4"
    },
    "pkgconfig": {
      "Package": "pkgconfig",
      "Version": "2.0.3",
      "Source": "Repository",
      "Repository": "CRAN",
      "Hash": "01f28d4278f15c76cddbea05899c5d6f"
    },
    "pkgload": {
      "Package": "pkgload",
      "Version": "1.2.1",
      "Source": "Repository",
      "Repository": "CRAN",
      "Hash": "463642747f81879e6752485aefb831cf"
    },
    "plyr": {
      "Package": "plyr",
      "Version": "1.8.6",
      "Source": "Repository",
      "Repository": "CRAN",
      "Hash": "ec0e5ab4e5f851f6ef32cd1d1984957f"
    },
    "praise": {
      "Package": "praise",
      "Version": "1.0.0",
      "Source": "Repository",
      "Repository": "CRAN",
      "Hash": "a555924add98c99d2f411e37e7d25e9f"
    },
    "prettyunits": {
      "Package": "prettyunits",
      "Version": "1.1.1",
      "Source": "Repository",
      "Repository": "CRAN",
      "Hash": "95ef9167b75dde9d2ccc3c7528393e7e"
    },
    "processx": {
      "Package": "processx",
      "Version": "3.5.2",
      "Source": "Repository",
      "Repository": "CRAN",
      "Hash": "0cbca2bc4d16525d009c4dbba156b37c"
    },
    "progress": {
      "Package": "progress",
      "Version": "1.2.2",
      "Source": "Repository",
      "Repository": "CRAN",
      "Hash": "14dc9f7a3c91ebb14ec5bb9208a07061"
    },
    "promises": {
      "Package": "promises",
      "Version": "1.1.1",
      "Source": "Repository",
      "Repository": "CRAN",
      "Hash": "a8730dcbdd19f9047774909f0ec214a4"
    },
    "proto": {
      "Package": "proto",
      "Version": "1.0.0",
      "Source": "Repository",
      "Repository": "CRAN",
      "Hash": "5cb1623df69ee6102d011c7f78f5791d"
    },
    "ps": {
      "Package": "ps",
      "Version": "1.4.0",
      "Source": "Repository",
      "Repository": "CRAN",
      "Hash": "f5d7d94cc097aa9dade988e3e6715067"
    },
    "purrr": {
      "Package": "purrr",
      "Version": "0.3.4",
      "Source": "Repository",
      "Repository": "CRAN",
      "Hash": "97def703420c8ab10d8f0e6c72101e02"
    },
    "readr": {
      "Package": "readr",
      "Version": "1.3.1",
      "Source": "Repository",
      "Repository": "CRAN",
      "Hash": "af8ab99cd936773a148963905736907b"
    },
    "readxl": {
      "Package": "readxl",
      "Version": "1.3.1",
      "Source": "Repository",
      "Repository": "CRAN",
      "Hash": "63537c483c2dbec8d9e3183b3735254a"
    },
    "rematch": {
      "Package": "rematch",
      "Version": "1.0.1",
      "Source": "Repository",
      "Repository": "CRAN",
      "Hash": "c66b930d20bb6d858cd18e1cebcfae5c"
    },
    "rematch2": {
      "Package": "rematch2",
      "Version": "2.1.2",
      "Source": "Repository",
      "Repository": "CRAN",
      "Hash": "76c9e04c712a05848ae7a23d2f170a40"
    },
    "renv": {
      "Package": "renv",
      "Version": "0.11.0",
      "Source": "Repository",
      "Repository": "CRAN",
      "Hash": "1c3ef87cbb81c23ac96797781ec7aecc"
    },
    "reshape2": {
      "Package": "reshape2",
      "Version": "1.4.4",
      "Source": "Repository",
      "Repository": "CRAN",
      "Hash": "bb5996d0bd962d214a11140d77589917"
    },
    "rex": {
      "Package": "rex",
      "Version": "1.1.2",
      "Source": "Repository",
      "Repository": "CRAN",
      "Hash": "6d3dbb5d528c8f726861018472bc668c"
    },
    "rlang": {
      "Package": "rlang",
      "Version": "0.4.11",
      "Source": "Repository",
      "Repository": "CRAN",
      "Hash": "515f341d3affe0de9e4a7f762efb0456"
    },
    "rmarkdown": {
      "Package": "rmarkdown",
      "Version": "2.1",
      "Source": "Repository",
      "Repository": "CRAN",
      "Hash": "9d1c61d476c448350c482d6664e1b28b"
    },
    "rprojroot": {
      "Package": "rprojroot",
      "Version": "2.0.2",
      "Source": "Repository",
      "Repository": "CRAN",
      "Hash": "249d8cd1e74a8f6a26194a91b47f21d1"
    },
    "rstudioapi": {
      "Package": "rstudioapi",
      "Version": "0.13",
      "Source": "Repository",
      "Repository": "CRAN",
      "Hash": "06c85365a03fdaf699966cc1d3cf53ea"
    },
    "scales": {
      "Package": "scales",
      "Version": "1.1.1",
      "Source": "Repository",
      "Repository": "CRAN",
      "Hash": "6f76f71042411426ec8df6c54f34e6dd"
    },
    "shiny": {
      "Package": "shiny",
      "Version": "1.5.0",
      "Source": "Repository",
      "Repository": "CRAN",
      "Hash": "ee4ed72d7a5047d9e73cf922ad66e9c9"
    },
    "shinycssloaders": {
      "Package": "shinycssloaders",
      "Version": "0.2.0",
      "Source": "Repository",
      "Repository": "CRAN",
      "Hash": "0dfe43ea406fcef9efbf186bff0c34c8"
    },
    "shinyhelper": {
      "Package": "shinyhelper",
      "Version": "0.3.2",
      "Source": "Repository",
      "Repository": "CRAN",
      "Hash": "baef117734d5bd59373a561a15168679"
    },
    "shinyjs": {
      "Package": "shinyjs",
      "Version": "1.1",
      "Source": "Repository",
      "Repository": "CRAN",
      "Hash": "b40a5207b6624f6e2b8cdb50689cdb69"
    },
    "sourcetools": {
      "Package": "sourcetools",
      "Version": "0.1.7",
      "Source": "Repository",
      "Repository": "CRAN",
      "Hash": "947e4e02a79effa5d512473e10f41797"
    },
    "spelling": {
      "Package": "spelling",
      "Version": "2.1",
      "Source": "Repository",
      "Repository": "CRAN",
      "Hash": "b3a5ecc3351f41eb30ef87f65cbff390"
    },
    "stringi": {
      "Package": "stringi",
      "Version": "1.4.6",
      "Source": "Repository",
      "Repository": "CRAN",
      "Hash": "e99d8d656980d2dd416a962ae55aec90"
    },
    "stringr": {
      "Package": "stringr",
      "Version": "1.4.0",
      "Source": "Repository",
      "Repository": "CRAN",
      "Hash": "0759e6b6c0957edb1311028a49a35e76"
    },
    "sys": {
      "Package": "sys",
      "Version": "3.3",
      "Source": "Repository",
      "Repository": "CRAN",
      "Hash": "507f3116a38d37ad330a038b3be07b66"
    },
    "testthat": {
      "Package": "testthat",
      "Version": "3.0.4",
      "Source": "Repository",
      "Repository": "CRAN",
      "Hash": "575216c9946ca70016c3ffb9c31709ba"
    },
    "tibble": {
      "Package": "tibble",
      "Version": "3.0.4",
      "Source": "Repository",
      "Repository": "CRAN",
      "Hash": "71dffd8544691c520dd8e41ed2d7e070"
    },
    "tidyr": {
      "Package": "tidyr",
      "Version": "1.0.2",
      "Source": "Repository",
      "Repository": "CRAN",
      "Hash": "fb73a010ace00d6c584c2b53a21b969c"
    },
    "tidyselect": {
      "Package": "tidyselect",
      "Version": "1.1.0",
      "Source": "Repository",
      "Repository": "CRAN",
      "Hash": "6ea435c354e8448819627cf686f66e0a"
    },
    "tinytex": {
      "Package": "tinytex",
      "Version": "0.20",
      "Source": "Repository",
      "Repository": "CRAN",
      "Hash": "d2cef450cbbf081b4a2ef1067fae9f32"
    },
    "utf8": {
      "Package": "utf8",
      "Version": "1.1.4",
      "Source": "Repository",
      "Repository": "CRAN",
      "Hash": "4a5081acfb7b81a572e4384a7aaf2af1"
    },
    "vctrs": {
      "Package": "vctrs",
      "Version": "0.3.5",
      "Source": "Repository",
      "Repository": "CRAN",
      "Hash": "d25c5bea636cf892edbfd64fc3d20c20"
    },
    "vdiffr": {
      "Package": "vdiffr",
      "Version": "1.0.2.9000",
      "Source": "GitHub",
      "RemoteType": "github",
      "RemoteHost": "api.github.com",
      "RemoteRepo": "vdiffr",
      "RemoteUsername": "r-lib",
      "RemoteRef": "HEAD",
      "RemoteSha": "fc03e91cccac04baa875063513b630d80c02e197",
      "Hash": "c851ad06b61609cb62662ee08d8f1185"
    },
    "viridisLite": {
      "Package": "viridisLite",
      "Version": "0.3.0",
      "Source": "Repository",
      "Repository": "CRAN",
      "Hash": "ce4f6271baa94776db692f1cb2055bee"
    },
    "waldo": {
      "Package": "waldo",
      "Version": "0.2.5",
      "Source": "Repository",
      "Repository": "CRAN",
      "Hash": "20c45f1d511a3f730b7b469f4d11e104"
    },
    "withr": {
      "Package": "withr",
      "Version": "2.4.2",
      "Source": "Repository",
      "Repository": "CRAN",
      "Hash": "ad03909b44677f930fa156d47d7a3aeb"
    },
    "xfun": {
      "Package": "xfun",
      "Version": "0.19",
      "Source": "Repository",
      "Repository": "CRAN",
      "Hash": "a42372606cb76f34da9d090326e9f955"
    },
    "xml2": {
      "Package": "xml2",
      "Version": "1.3.2",
      "Source": "Repository",
      "Repository": "CRAN",
      "Hash": "d4d71a75dd3ea9eb5fa28cc21f9585e2"
    },
    "xtable": {
      "Package": "xtable",
      "Version": "1.8-4",
      "Source": "Repository",
      "Repository": "CRAN",
      "Hash": "b8acdf8af494d9ec19ccb2481a9b11c2"
    },
    "yaml": {
      "Package": "yaml",
      "Version": "2.2.1",
      "Source": "Repository",
      "Repository": "CRAN",
      "Hash": "2826c5d9efb0a88f657c7a679c7106db"
    }
  }
}
